
Microsoft Visual Studio Solution File, Format Version 12.00
# Visual Studio Version 16
VisualStudioVersion = 16.0.31911.196
MinimumVisualStudioVersion = 10.0.40219.1
Project("{FAE04EC0-301F-11D3-BF4B-00C04F79EFBC}") = "WinBackgroundWorker", "WinBackgroundWorker\WinBackgroundWorker.csproj", "{63A6D6BB-22D9-492F-9E0D-4E3C1BE4B7C7}"
EndProject
Global
	GlobalSection(SolutionConfigurationPlatforms) = preSolution
		Debug|Any CPU = Debug|Any CPU
		Release|Any CPU = Release|Any CPU
	EndGlobalSection
	GlobalSection(ProjectConfigurationPlatforms) = postSolution
		{63A6D6BB-22D9-492F-9E0D-4E3C1BE4B7C7}.Debug|Any CPU.ActiveCfg = Debug|Any CPU
		{63A6D6BB-22D9-492F-9E0D-4E3C1BE4B7C7}.Debug|Any CPU.Build.0 = Debug|Any CPU
		{63A6D6BB-22D9-492F-9E0D-4E3C1BE4B7C7}.Release|Any CPU.ActiveCfg = Release|Any CPU
		{63A6D6BB-22D9-492F-9E0D-4E3C1BE4B7C7}.Release|Any CPU.Build.0 = Release|Any CPU
	EndGlobalSection
	GlobalSection(SolutionProperties) = preSolution
		HideSolutionNode = FALSE
	EndGlobalSection
	GlobalSection(ExtensibilityGlobals) = postSolution
		SolutionGuid = {CA5072F2-41EE-464C-B560-D13D45E92FB6}
	EndGlobalSection
EndGlobal
